
Microsoft Visual Studio Solution File, Format Version 12.00
# Visual Studio 14
VisualStudioVersion = 14.0.23107.0
MinimumVisualStudioVersion = 10.0.40219.1
Project("{FAE04EC0-301F-11D3-BF4B-00C04F79EFBC}") = "一键自动抢QQ红包", "一键自动抢QQ红包.csproj", "{BBC08C0C-F6B4-438D-8F68-5F165F69073A}"
EndProject
Global
	GlobalSection(SolutionConfigurationPlatforms) = preSolution
		Debug|Any CPU = Debug|Any CPU
		Release|Any CPU = Release|Any CPU
	EndGlobalSection
	GlobalSection(ProjectConfigurationPlatforms) = postSolution
		{BBC08C0C-F6B4-438D-8F68-5F165F69073A}.Debug|Any CPU.ActiveCfg = Debug|Any CPU
		{BBC08C0C-F6B4-438D-8F68-5F165F69073A}.Debug|Any CPU.Build.0 = Debug|Any CPU
		{BBC08C0C-F6B4-438D-8F68-5F165F69073A}.Release|Any CPU.ActiveCfg = Release|Any CPU
		{BBC08C0C-F6B4-438D-8F68-5F165F69073A}.Release|Any CPU.Build.0 = Release|Any CPU
	EndGlobalSection
	GlobalSection(SolutionProperties) = preSolution
		HideSolutionNode = FALSE
	EndGlobalSection
EndGlobal
